// !$*UTF8*$!
{
	archiveVersion = 1;
	classes = {
	};
	objectVersion = 46;
	objects = {

/* Begin PBXBuildFile section */
		182167AA1DF5470F004B5214 /* main.m in Sources */ = {isa = PBXBuildFile; fileRef = 182167A91DF5470F004B5214 /* main.m */; };
		182167AD1DF5470F004B5214 /* AppDelegate.m in Sources */ = {isa = PBXBuildFile; fileRef = 182167AC1DF5470F004B5214 /* AppDelegate.m */; };
		182167B01DF5470F004B5214 /* ViewController.m in Sources */ = {isa = PBXBuildFile; fileRef = 182167AF1DF5470F004B5214 /* ViewController.m */; };
		182167B31DF5470F004B5214 /* Main.storyboard in Resources */ = {isa = PBXBuildFile; fileRef = 182167B11DF5470F004B5214 /* Main.storyboard */; };
		182167B51DF5470F004B5214 /* Assets.xcassets in Resources */ = {isa = PBXBuildFile; fileRef = 182167B41DF5470F004B5214 /* Assets.xcassets */; };
		182167B81DF5470F004B5214 /* LaunchScreen.storyboard in Resources */ = {isa = PBXBuildFile; fileRef = 182167B61DF5470F004B5214 /* LaunchScreen.storyboard */; };
		182167C31DF5470F004B5214 /* MyLanguageDemoTests.m in Sources */ = {isa = PBXBuildFile; fileRef = 182167C21DF5470F004B5214 /* MyLanguageDemoTests.m */; };
		182167CE1DF54710004B5214 /* MyLanguageDemoUITests.m in Sources */ = {isa = PBXBuildFile; fileRef = 182167CD1DF54710004B5214 /* MyLanguageDemoUITests.m */; };
		182167DE1DF54797004B5214 /* HXLanguageManager.m in Sources */ = {isa = PBXBuildFile; fileRef = 182167DD1DF54797004B5214 /* HXLanguageManager.m */; };
		182167E11DF548ED004B5214 /* LanguageStyleViewController.m in Sources */ = {isa = PBXBuildFile; fileRef = 182167E01DF548ED004B5214 /* LanguageStyleViewController.m */; };
		182167EA1DF549A5004B5214 /* Localizable.strings in Resources */ = {isa = PBXBuildFile; fileRef = 182167EC1DF549A5004B5214 /* Localizable.strings */; };
		182167F11DF54ECE004B5214 /* tip3.gif in Resources */ = {isa = PBXBuildFile; fileRef = 182167F01DF54ECE004B5214 /* tip3.gif */; };
		4677186574B477EBFA2F5DB6 /* libPods-MyLanguageDemoUITests.a in Frameworks */ = {isa = PBXBuildFile; fileRef = FFFC0361B5F6A78011B7284B /* libPods-MyLanguageDemoUITests.a */; };
		6682B136F6324649DF39700B /* libPods-MyLanguageDemo.a in Frameworks */ = {isa = PBXBuildFile; fileRef = 72B329743A270C904AD4472E /* libPods-MyLanguageDemo.a */; };
		DFED835F0278F914C19513E8 /* libPods-MyLanguageDemoTests.a in Frameworks */ = {isa = PBXBuildFile; fileRef = 6DE810F6919DC919BAC95391 /* libPods-MyLanguageDemoTests.a */; };
/* End PBXBuildFile section */

/* Begin PBXContainerItemProxy section */
		182167BF1DF5470F004B5214 /* PBXContainerItemProxy */ = {
			isa = PBXContainerItemProxy;
			containerPortal = 1821679D1DF5470F004B5214 /* Project object */;
			proxyType = 1;
			remoteGlobalIDString = 182167A41DF5470F004B5214;
			remoteInfo = MyLanguageDemo;
		};
		182167CA1DF54710004B5214 /* PBXContainerItemProxy */ = {
			isa = PBXContainerItemProxy;
			containerPortal = 1821679D1DF5470F004B5214 /* Project object */;
			proxyType = 1;
			remoteGlobalIDString = 182167A41DF5470F004B5214;
			remoteInfo = MyLanguageDemo;
		};
/* End PBXContainerItemProxy section */

/* Begin PBXFileReference section */
		182167A51DF5470F004B5214 /* MyLanguageDemo.app */ = {isa = PBXFileReference; explicitFileType = wrapper.application; includeInIndex = 0; path = MyLanguageDemo.app; sourceTree = BUILT_PRODUCTS_DIR; };
		182167A91DF5470F004B5214 /* main.m */ = {isa = PBXFileReference; lastKnownFileType = sourcecode.c.objc; path = main.m; sourceTree = "<group>"; };
		182167AB1DF5470F004B5214 /* AppDelegate.h */ = {isa = PBXFileReference; lastKnownFileType = sourcecode.c.h; path = AppDelegate.h; sourceTree = "<group>"; };
		182167AC1DF5470F004B5214 /* AppDelegate.m */ = {isa = PBXFileReference; lastKnownFileType = sourcecode.c.objc; path = AppDelegate.m; sourceTree = "<group>"; };
		182167AE1DF5470F004B5214 /* ViewController.h */ = {isa = PBXFileReference; lastKnownFileType = sourcecode.c.h; path = ViewController.h; sourceTree = "<group>"; };
		182167AF1DF5470F004B5214 /* ViewController.m */ = {isa = PBXFileReference; lastKnownFileType = sourcecode.c.objc; path = ViewController.m; sourceTree = "<group>"; };
		182167B21DF5470F004B5214 /* Base */ = {isa = PBXFileReference; lastKnownFileType = file.storyboard; name = Base; path = Base.lproj/Main.storyboard; sourceTree = "<group>"; };
		182167B41DF5470F004B5214 /* Assets.xcassets */ = {isa = PBXFileReference; lastKnownFileType = folder.assetcatalog; path = Assets.xcassets; sourceTree = "<group>"; };
		182167B71DF5470F004B5214 /* Base */ = {isa = PBXFileReference; lastKnownFileType = file.storyboard; name = Base; path = Base.lproj/LaunchScreen.storyboard; sourceTree = "<group>"; };
		182167B91DF5470F004B5214 /* Info.plist */ = {isa = PBXFileReference; lastKnownFileType = text.plist.xml; path = Info.plist; sourceTree = "<group>"; };
		182167BE1DF5470F004B5214 /* MyLanguageDemoTests.xctest */ = {isa = PBXFileReference; explicitFileType = wrapper.cfbundle; includeInIndex = 0; path = MyLanguageDemoTests.xctest; sourceTree = BUILT_PRODUCTS_DIR; };
		182167C21DF5470F004B5214 /* MyLanguageDemoTests.m */ = {isa = PBXFileReference; lastKnownFileType = sourcecode.c.objc; path = MyLanguageDemoTests.m; sourceTree = "<group>"; };
		182167C41DF5470F004B5214 /* Info.plist */ = {isa = PBXFileReference; lastKnownFileType = text.plist.xml; path = Info.plist; sourceTree = "<group>"; };
		182167C91DF54710004B5214 /* MyLanguageDemoUITests.xctest */ = {isa = PBXFileReference; explicitFileType = wrapper.cfbundle; includeInIndex = 0; path = MyLanguageDemoUITests.xctest; sourceTree = BUILT_PRODUCTS_DIR; };
		182167CD1DF54710004B5214 /* MyLanguageDemoUITests.m */ = {isa = PBXFileReference; lastKnownFileType = sourcecode.c.objc; path = MyLanguageDemoUITests.m; sourceTree = "<group>"; };
		182167CF1DF54710004B5214 /* Info.plist */ = {isa = PBXFileReference; lastKnownFileType = text.plist.xml; path = Info.plist; sourceTree = "<group>"; };
		182167DC1DF54797004B5214 /* HXLanguageManager.h */ = {isa = PBXFileReference; fileEncoding = 4; lastKnownFileType = sourcecode.c.h; path = HXLanguageManager.h; sourceTree = "<group>"; };
		182167DD1DF54797004B5214 /* HXLanguageManager.m */ = {isa = PBXFileReference; fileEncoding = 4; lastKnownFileType = sourcecode.c.objc; path = HXLanguageManager.m; sourceTree = "<group>"; };
		182167DF1DF548ED004B5214 /* LanguageStyleViewController.h */ = {isa = PBXFileReference; fileEncoding = 4; lastKnownFileType = sourcecode.c.h; path = LanguageStyleViewController.h; sourceTree = "<group>"; };
		182167E01DF548ED004B5214 /* LanguageStyleViewController.m */ = {isa = PBXFileReference; fileEncoding = 4; lastKnownFileType = sourcecode.c.objc; path = LanguageStyleViewController.m; sourceTree = "<group>"; };
		182167E41DF5498A004B5214 /* fr */ = {isa = PBXFileReference; lastKnownFileType = text.plist.strings; name = fr; path = fr.lproj/Main.strings; sourceTree = "<group>"; };
		182167E51DF5498B004B5214 /* fr */ = {isa = PBXFileReference; lastKnownFileType = text.plist.strings; name = fr; path = fr.lproj/LaunchScreen.strings; sourceTree = "<group>"; };
		182167E61DF54998004B5214 /* zh-Hans */ = {isa = PBXFileReference; lastKnownFileType = text.plist.strings; name = "zh-Hans"; path = "zh-Hans.lproj/Main.strings"; sourceTree = "<group>"; };
		182167E71DF54998004B5214 /* zh-Hans */ = {isa = PBXFileReference; lastKnownFileType = text.plist.strings; name = "zh-Hans"; path = "zh-Hans.lproj/LaunchScreen.strings"; sourceTree = "<group>"; };
		182167E81DF5499E004B5214 /* ar */ = {isa = PBXFileReference; lastKnownFileType = text.plist.strings; name = ar; path = ar.lproj/Main.strings; sourceTree = "<group>"; };
		182167E91DF5499E004B5214 /* ar */ = {isa = PBXFileReference; lastKnownFileType = text.plist.strings; name = ar; path = ar.lproj/LaunchScreen.strings; sourceTree = "<group>"; };
		182167EB1DF549A5004B5214 /* en */ = {isa = PBXFileReference; lastKnownFileType = text.plist.strings; name = en; path = en.lproj/Localizable.strings; sourceTree = "<group>"; };
		182167ED1DF549A7004B5214 /* fr */ = {isa = PBXFileReference; lastKnownFileType = text.plist.strings; name = fr; path = fr.lproj/Localizable.strings; sourceTree = "<group>"; };
		182167EE1DF549A7004B5214 /* zh-Hans */ = {isa = PBXFileReference; lastKnownFileType = text.plist.strings; name = "zh-Hans"; path = "zh-Hans.lproj/Localizable.strings"; sourceTree = "<group>"; };
		182167EF1DF549A8004B5214 /* ar */ = {isa = PBXFileReference; lastKnownFileType = text.plist.strings; name = ar; path = ar.lproj/Localizable.strings; sourceTree = "<group>"; };
		182167F01DF54ECE004B5214 /* tip3.gif */ = {isa = PBXFileReference; lastKnownFileType = image.gif; path = tip3.gif; sourceTree = "<group>"; };
		3EC784267742B1A738547652 /* Pods-MyLanguageDemo.release.xcconfig */ = {isa = PBXFileReference; includeInIndex = 1; lastKnownFileType = text.xcconfig; name = "Pods-MyLanguageDemo.release.xcconfig"; path = "Pods/Target Support Files/Pods-MyLanguageDemo/Pods-MyLanguageDemo.release.xcconfig"; sourceTree = "<group>"; };
		5D6F9CFE8ADEDA5F60183700 /* Pods-MyLanguageDemoTests.debug.xcconfig */ = {isa = PBXFileReference; includeInIndex = 1; lastKnownFileType = text.xcconfig; name = "Pods-MyLanguageDemoTests.debug.xcconfig"; path = "Pods/Target Support Files/Pods-MyLanguageDemoTests/Pods-MyLanguageDemoTests.debug.xcconfig"; sourceTree = "<group>"; };
		6DE810F6919DC919BAC95391 /* libPods-MyLanguageDemoTests.a */ = {isa = PBXFileReference; explicitFileType = archive.ar; includeInIndex = 0; path = "libPods-MyLanguageDemoTests.a"; sourceTree = BUILT_PRODUCTS_DIR; };
		72B329743A270C904AD4472E /* libPods-MyLanguageDemo.a */ = {isa = PBXFileReference; explicitFileType = archive.ar; includeInIndex = 0; path = "libPods-MyLanguageDemo.a"; sourceTree = BUILT_PRODUCTS_DIR; };
		7A133CA5AFA3A3539D96E7BE /* Pods-MyLanguageDemoTests.release.xcconfig */ = {isa = PBXFileReference; includeInIndex = 1; lastKnownFileType = text.xcconfig; name = "Pods-MyLanguageDemoTests.release.xcconfig"; path = "Pods/Target Support Files/Pods-MyLanguageDemoTests/Pods-MyLanguageDemoTests.release.xcconfig"; sourceTree = "<group>"; };
		8261334730BBA7DE2383E0C4 /* Pods-MyLanguageDemoUITests.debug.xcconfig */ = {isa = PBXFileReference; includeInIndex = 1; lastKnownFileType = text.xcconfig; name = "Pods-MyLanguageDemoUITests.debug.xcconfig"; path = "Pods/Target Support Files/Pods-MyLanguageDemoUITests/Pods-MyLanguageDemoUITests.debug.xcconfig"; sourceTree = "<group>"; };
		9102CC451208571DED886415 /* Pods-MyLanguageDemoUITests.release.xcconfig */ = {isa = PBXFileReference; includeInIndex = 1; lastKnownFileType = text.xcconfig; name = "Pods-MyLanguageDemoUITests.release.xcconfig"; path = "Pods/Target Support Files/Pods-MyLanguageDemoUITests/Pods-MyLanguageDemoUITests.release.xcconfig"; sourceTree = "<group>"; };
		D26B14452B0F486698B7D2DF /* Pods-MyLanguageDemo.debug.xcconfig */ = {isa = PBXFileReference; includeInIndex = 1; lastKnownFileType = text.xcconfig; name = "Pods-MyLanguageDemo.debug.xcconfig"; path = "Pods/Target Support Files/Pods-MyLanguageDemo/Pods-MyLanguageDemo.debug.xcconfig"; sourceTree = "<group>"; };
		FFFC0361B5F6A78011B7284B /* libPods-MyLanguageDemoUITests.a */ = {isa = PBXFileReference; explicitFileType = archive.ar; includeInIndex = 0; path = "libPods-MyLanguageDemoUITests.a"; sourceTree = BUILT_PRODUCTS_DIR; };
/* End PBXFileReference section */

/* Begin PBXFrameworksBuildPhase section */
		182167A21DF5470F004B5214 /* Frameworks */ = {
			isa = PBXFrameworksBuildPhase;
			buildActionMask = 2147483647;
			files = (
				6682B136F6324649DF39700B /* libPods-MyLanguageDemo.a in Frameworks */,
			);
			runOnlyForDeploymentPostprocessing = 0;
		};
		182167BB1DF5470F004B5214 /* Frameworks */ = {
			isa = PBXFrameworksBuildPhase;
			buildActionMask = 2147483647;
			files = (
				DFED835F0278F914C19513E8 /* libPods-MyLanguageDemoTests.a in Frameworks */,
			);
			runOnlyForDeploymentPostprocessing = 0;
		};
		182167C61DF54710004B5214 /* Frameworks */ = {
			isa = PBXFrameworksBuildPhase;
			buildActionMask = 2147483647;
			files = (
				4677186574B477EBFA2F5DB6 /* libPods-MyLanguageDemoUITests.a in Frameworks */,
			);
			runOnlyForDeploymentPostprocessing = 0;
		};
/* End PBXFrameworksBuildPhase section */

/* Begin PBXGroup section */
		1821679C1DF5470F004B5214 = {
			isa = PBXGroup;
			children = (
				182167A71DF5470F004B5214 /* MyLanguageDemo */,
				182167C11DF5470F004B5214 /* MyLanguageDemoTests */,
				182167CC1DF54710004B5214 /* MyLanguageDemoUITests */,
				182167A61DF5470F004B5214 /* Products */,
				C17061EF0F002F756B10A8BE /* Pods */,
				BDF9DF4BD1693DD465EC1A6D /* Frameworks */,
			);
			sourceTree = "<group>";
		};
		182167A61DF5470F004B5214 /* Products */ = {
			isa = PBXGroup;
			children = (
				182167A51DF5470F004B5214 /* MyLanguageDemo.app */,
				182167BE1DF5470F004B5214 /* MyLanguageDemoTests.xctest */,
				182167C91DF54710004B5214 /* MyLanguageDemoUITests.xctest */,
			);
			name = Products;
			sourceTree = "<group>";
		};
		182167A71DF5470F004B5214 /* MyLanguageDemo */ = {
			isa = PBXGroup;
			children = (
				182167F01DF54ECE004B5214 /* tip3.gif */,
				182167DB1DF5475C004B5214 /* HXLanguageManager */,
				182167AB1DF5470F004B5214 /* AppDelegate.h */,
				182167AC1DF5470F004B5214 /* AppDelegate.m */,
				182167AE1DF5470F004B5214 /* ViewController.h */,
				182167AF1DF5470F004B5214 /* ViewController.m */,
				182167DF1DF548ED004B5214 /* LanguageStyleViewController.h */,
				182167E01DF548ED004B5214 /* LanguageStyleViewController.m */,
				182167EC1DF549A5004B5214 /* Localizable.strings */,
				182167B11DF5470F004B5214 /* Main.storyboard */,
				182167B41DF5470F004B5214 /* Assets.xcassets */,
				182167B61DF5470F004B5214 /* LaunchScreen.storyboard */,
				182167B91DF5470F004B5214 /* Info.plist */,
				182167A81DF5470F004B5214 /* Supporting Files */,
			);
			path = MyLanguageDemo;
			sourceTree = "<group>";
		};
		182167A81DF5470F004B5214 /* Supporting Files */ = {
			isa = PBXGroup;
			children = (
				182167A91DF5470F004B5214 /* main.m */,
			);
			name = "Supporting Files";
			sourceTree = "<group>";
		};
		182167C11DF5470F004B5214 /* MyLanguageDemoTests */ = {
			isa = PBXGroup;
			children = (
				182167C21DF5470F004B5214 /* MyLanguageDemoTests.m */,
				182167C41DF5470F004B5214 /* Info.plist */,
			);
			path = MyLanguageDemoTests;
			sourceTree = "<group>";
		};
		182167CC1DF54710004B5214 /* MyLanguageDemoUITests */ = {
			isa = PBXGroup;
			children = (
				182167CD1DF54710004B5214 /* MyLanguageDemoUITests.m */,
				182167CF1DF54710004B5214 /* Info.plist */,
			);
			path = MyLanguageDemoUITests;
			sourceTree = "<group>";
		};
		182167DB1DF5475C004B5214 /* HXLanguageManager */ = {
			isa = PBXGroup;
			children = (
				182167DC1DF54797004B5214 /* HXLanguageManager.h */,
				182167DD1DF54797004B5214 /* HXLanguageManager.m */,
			);
			path = HXLanguageManager;
			sourceTree = "<group>";
		};
		BDF9DF4BD1693DD465EC1A6D /* Frameworks */ = {
			isa = PBXGroup;
			children = (
				72B329743A270C904AD4472E /* libPods-MyLanguageDemo.a */,
				6DE810F6919DC919BAC95391 /* libPods-MyLanguageDemoTests.a */,
				FFFC0361B5F6A78011B7284B /* libPods-MyLanguageDemoUITests.a */,
			);
			name = Frameworks;
			sourceTree = "<group>";
		};
		C17061EF0F002F756B10A8BE /* Pods */ = {
			isa = PBXGroup;
			children = (
				D26B14452B0F486698B7D2DF /* Pods-MyLanguageDemo.debug.xcconfig */,
				3EC784267742B1A738547652 /* Pods-MyLanguageDemo.release.xcconfig */,
				5D6F9CFE8ADEDA5F60183700 /* Pods-MyLanguageDemoTests.debug.xcconfig */,
				7A133CA5AFA3A3539D96E7BE /* Pods-MyLanguageDemoTests.release.xcconfig */,
				8261334730BBA7DE2383E0C4 /* Pods-MyLanguageDemoUITests.debug.xcconfig */,
				9102CC451208571DED886415 /* Pods-MyLanguageDemoUITests.release.xcconfig */,
			);
			name = Pods;
			sourceTree = "<group>";
		};
/* End PBXGroup section */

/* Begin PBXNativeTarget section */
		182167A41DF5470F004B5214 /* MyLanguageDemo */ = {
			isa = PBXNativeTarget;
			buildConfigurationList = 182167D21DF54710004B5214 /* Build configuration list for PBXNativeTarget "MyLanguageDemo" */;
			buildPhases = (
				27A4CBC7160D7A4603F6A44A /* 📦 Check Pods Manifest.lock */,
				182167A11DF5470F004B5214 /* Sources */,
				182167A21DF5470F004B5214 /* Frameworks */,
				182167A31DF5470F004B5214 /* Resources */,
				D9A8C55CB8377B36AFC6332C /* 📦 Embed Pods Frameworks */,
				422C430CE73BF2258C59D932 /* 📦 Copy Pods Resources */,
			);
			buildRules = (
			);
			dependencies = (
			);
			name = MyLanguageDemo;
			productName = MyLanguageDemo;
			productReference = 182167A51DF5470F004B5214 /* MyLanguageDemo.app */;
			productType = "com.apple.product-type.application";
		};
		182167BD1DF5470F004B5214 /* MyLanguageDemoTests */ = {
			isa = PBXNativeTarget;
			buildConfigurationList = 182167D51DF54710004B5214 /* Build configuration list for PBXNativeTarget "MyLanguageDemoTests" */;
			buildPhases = (
				E7CCBD4C0DDBF3C4408D0F64 /* 📦 Check Pods Manifest.lock */,
				182167BA1DF5470F004B5214 /* Sources */,
				182167BB1DF5470F004B5214 /* Frameworks */,
				182167BC1DF5470F004B5214 /* Resources */,
				3C3161F0FBA18E44066F12E0 /* 📦 Embed Pods Frameworks */,
				6ED4CC701211E1985D292C93 /* 📦 Copy Pods Resources */,
			);
			buildRules = (
			);
			dependencies = (
				182167C01DF5470F004B5214 /* PBXTargetDependency */,
			);
			name = MyLanguageDemoTests;
			productName = MyLanguageDemoTests;
			productReference = 182167BE1DF5470F004B5214 /* MyLanguageDemoTests.xctest */;
			productType = "com.apple.product-type.bundle.unit-test";
		};
		182167C81DF54710004B5214 /* MyLanguageDemoUITests */ = {
			isa = PBXNativeTarget;
			buildConfigurationList = 182167D81DF54710004B5214 /* Build configuration list for PBXNativeTarget "MyLanguageDemoUITests" */;
			buildPhases = (
				4C357C90EC167CC57D2A4996 /* 📦 Check Pods Manifest.lock */,
				182167C51DF54710004B5214 /* Sources */,
				182167C61DF54710004B5214 /* Frameworks */,
				182167C71DF54710004B5214 /* Resources */,
				53EF549DA62906D7F6388739 /* 📦 Copy Pods Resources */,
			);
			buildRules = (
			);
			dependencies = (
				182167CB1DF54710004B5214 /* PBXTargetDependency */,
			);
			name = MyLanguageDemoUITests;
			productName = MyLanguageDemoUITests;
			productReference = 182167C91DF54710004B5214 /* MyLanguageDemoUITests.xctest */;
			productType = "com.apple.product-type.bundle.ui-testing";
		};
/* End PBXNativeTarget section */

/* Begin PBXProject section */
		1821679D1DF5470F004B5214 /* Project object */ = {
			isa = PBXProject;
			attributes = {
				LastUpgradeCheck = 0810;
				ORGANIZATIONNAME = YJS;
				TargetAttributes = {
					182167A41DF5470F004B5214 = {
						CreatedOnToolsVersion = 8.1;
						DevelopmentTeam = 547XRMHWKM;
						ProvisioningStyle = Automatic;
					};
					182167BD1DF5470F004B5214 = {
						CreatedOnToolsVersion = 8.1;
						DevelopmentTeam = 547XRMHWKM;
						ProvisioningStyle = Automatic;
						TestTargetID = 182167A41DF5470F004B5214;
					};
					182167C81DF54710004B5214 = {
						CreatedOnToolsVersion = 8.1;
						DevelopmentTeam = 547XRMHWKM;
						ProvisioningStyle = Automatic;
						TestTargetID = 182167A41DF5470F004B5214;
					};
				};
			};
			buildConfigurationList = 182167A01DF5470F004B5214 /* Build configuration list for PBXProject "MyLanguageDemo" */;
			compatibilityVersion = "Xcode 3.2";
			developmentRegion = English;
			hasScannedForEncodings = 0;
			knownRegions = (
				en,
				Base,
				fr,
				"zh-Hans",
				ar,
			);
			mainGroup = 1821679C1DF5470F004B5214;
			productRefGroup = 182167A61DF5470F004B5214 /* Products */;
			projectDirPath = "";
			projectRoot = "";
			targets = (
				182167A41DF5470F004B5214 /* MyLanguageDemo */,
				182167BD1DF5470F004B5214 /* MyLanguageDemoTests */,
				182167C81DF54710004B5214 /* MyLanguageDemoUITests */,
			);
		};
/* End PBXProject section */

/* Begin PBXResourcesBuildPhase section */
		182167A31DF5470F004B5214 /* Resources */ = {
			isa = PBXResourcesBuildPhase;
			buildActionMask = 2147483647;
			files = (
				182167EA1DF549A5004B5214 /* Localizable.strings in Resources */,
				182167B81DF5470F004B5214 /* LaunchScreen.storyboard in Resources */,
				182167F11DF54ECE004B5214 /* tip3.gif in Resources */,
				182167B51DF5470F004B5214 /* Assets.xcassets in Resources */,
				182167B31DF5470F004B5214 /* Main.storyboard in Resources */,
			);
			runOnlyForDeploymentPostprocessing = 0;
		};
		182167BC1DF5470F004B5214 /* Resources */ = {
			isa = PBXResourcesBuildPhase;
			buildActionMask = 2147483647;
			files = (
			);
			runOnlyForDeploymentPostprocessing = 0;
		};
		182167C71DF54710004B5214 /* Resources */ = {
			isa = PBXResourcesBuildPhase;
			buildActionMask = 2147483647;
			files = (
			);
			runOnlyForDeploymentPostprocessing = 0;
		};
/* End PBXResourcesBuildPhase section */

/* Begin PBXShellScriptBuildPhase section */
		27A4CBC7160D7A4603F6A44A /* 📦 Check Pods Manifest.lock */ = {
			isa = PBXShellScriptBuildPhase;
			buildActionMask = 2147483647;
			files = (
			);
			inputPaths = (
			);
			name = "📦 Check Pods Manifest.lock";
			outputPaths = (
			);
			runOnlyForDeploymentPostprocessing = 0;
			shellPath = /bin/sh;
			shellScript = "diff \"${PODS_ROOT}/../Podfile.lock\" \"${PODS_ROOT}/Manifest.lock\" > /dev/null\nif [[ $? != 0 ]] ; then\n    cat << EOM\nerror: The sandbox is not in sync with the Podfile.lock. Run 'pod install' or update your CocoaPods installation.\nEOM\n    exit 1\nfi\n";
			showEnvVarsInLog = 0;
		};
		3C3161F0FBA18E44066F12E0 /* 📦 Embed Pods Frameworks */ = {
			isa = PBXShellScriptBuildPhase;
			buildActionMask = 2147483647;
			files = (
			);
			inputPaths = (
			);
			name = "📦 Embed Pods Frameworks";
			outputPaths = (
			);
			runOnlyForDeploymentPostprocessing = 0;
			shellPath = /bin/sh;
			shellScript = "\"${SRCROOT}/Pods/Target Support Files/Pods-MyLanguageDemoTests/Pods-MyLanguageDemoTests-frameworks.sh\"\n";
			showEnvVarsInLog = 0;
		};
		422C430CE73BF2258C59D932 /* 📦 Copy Pods Resources */ = {
			isa = PBXShellScriptBuildPhase;
			buildActionMask = 2147483647;
			files = (
			);
			inputPaths = (
			);
			name = "📦 Copy Pods Resources";
			outputPaths = (
			);
			runOnlyForDeploymentPostprocessing = 0;
			shellPath = /bin/sh;
			shellScript = "\"${SRCROOT}/Pods/Target Support Files/Pods-MyLanguageDemo/Pods-MyLanguageDemo-resources.sh\"\n";
			showEnvVarsInLog = 0;
		};
		4C357C90EC167CC57D2A4996 /* 📦 Check Pods Manifest.lock */ = {
			isa = PBXShellScriptBuildPhase;
			buildActionMask = 2147483647;
			files = (
			);
			inputPaths = (
			);
			name = "📦 Check Pods Manifest.lock";
			outputPaths = (
			);
			runOnlyForDeploymentPostprocessing = 0;
			shellPath = /bin/sh;
			shellScript = "diff \"${PODS_ROOT}/../Podfile.lock\" \"${PODS_ROOT}/Manifest.lock\" > /dev/null\nif [[ $? != 0 ]] ; then\n    cat << EOM\nerror: The sandbox is not in sync with the Podfile.lock. Run 'pod install' or update your CocoaPods installation.\nEOM\n    exit 1\nfi\n";
			showEnvVarsInLog = 0;
		};
		53EF549DA62906D7F6388739 /* 📦 Copy Pods Resources */ = {
			isa = PBXShellScriptBuildPhase;
			buildActionMask = 2147483647;
			files = (
			);
			inputPaths = (
			);
			name = "📦 Copy Pods Resources";
			outputPaths = (
			);
			runOnlyForDeploymentPostprocessing = 0;
			shellPath = /bin/sh;
			shellScript = "\"${SRCROOT}/Pods/Target Support Files/Pods-MyLanguageDemoUITests/Pods-MyLanguageDemoUITests-resources.sh\"\n";
			showEnvVarsInLog = 0;
		};
		6ED4CC701211E1985D292C93 /* 📦 Copy Pods Resources */ = {
			isa = PBXShellScriptBuildPhase;
			buildActionMask = 2147483647;
			files = (
			);
			inputPaths = (
			);
			name = "📦 Copy Pods Resources";
			outputPaths = (
			);
			runOnlyForDeploymentPostprocessing = 0;
			shellPath = /bin/sh;
			shellScript = "\"${SRCROOT}/Pods/Target Support Files/Pods-MyLanguageDemoTests/Pods-MyLanguageDemoTests-resources.sh\"\n";
			showEnvVarsInLog = 0;
		};
		D9A8C55CB8377B36AFC6332C /* 📦 Embed Pods Frameworks */ = {
			isa = PBXShellScriptBuildPhase;
			buildActionMask = 2147483647;
			files = (
			);
			inputPaths = (
			);
			name = "📦 Embed Pods Frameworks";
			outputPaths = (
			);
			runOnlyForDeploymentPostprocessing = 0;
			shellPath = /bin/sh;
			shellScript = "\"${SRCROOT}/Pods/Target Support Files/Pods-MyLanguageDemo/Pods-MyLanguageDemo-frameworks.sh\"\n";
			showEnvVarsInLog = 0;
		};
		E7CCBD4C0DDBF3C4408D0F64 /* 📦 Check Pods Manifest.lock */ = {
			isa = PBXShellScriptBuildPhase;
			buildActionMask = 2147483647;
			files = (
			);
			inputPaths = (
			);
			name = "📦 Check Pods Manifest.lock";
			outputPaths = (
			);
			runOnlyForDeploymentPostprocessing = 0;
			shellPath = /bin/sh;
			shellScript = "diff \"${PODS_ROOT}/../Podfile.lock\" \"${PODS_ROOT}/Manifest.lock\" > /dev/null\nif [[ $? != 0 ]] ; then\n    cat << EOM\nerror: The sandbox is not in sync with the Podfile.lock. Run 'pod install' or update your CocoaPods installation.\nEOM\n    exit 1\nfi\n";
			showEnvVarsInLog = 0;
		};
/* End PBXShellScriptBuildPhase section */

/* Begin PBXSourcesBuildPhase section */
		182167A11DF5470F004B5214 /* Sources */ = {
			isa = PBXSourcesBuildPhase;
			buildActionMask = 2147483647;
			files = (
				182167B01DF5470F004B5214 /* ViewController.m in Sources */,
				182167DE1DF54797004B5214 /* HXLanguageManager.m in Sources */,
				182167AD1DF5470F004B5214 /* AppDelegate.m in Sources */,
				182167AA1DF5470F004B5214 /* main.m in Sources */,
				182167E11DF548ED004B5214 /* LanguageStyleViewController.m in Sources */,
			);
			runOnlyForDeploymentPostprocessing = 0;
		};
		182167BA1DF5470F004B5214 /* Sources */ = {
			isa = PBXSourcesBuildPhase;
			buildActionMask = 2147483647;
			files = (
				182167C31DF5470F004B5214 /* MyLanguageDemoTests.m in Sources */,
			);
			runOnlyForDeploymentPostprocessing = 0;
		};
		182167C51DF54710004B5214 /* Sources */ = {
			isa = PBXSourcesBuildPhase;
			buildActionMask = 2147483647;
			files = (
				182167CE1DF54710004B5214 /* MyLanguageDemoUITests.m in Sources */,
			);
			runOnlyForDeploymentPostprocessing = 0;
		};
/* End PBXSourcesBuildPhase section */

/* Begin PBXTargetDependency section */
		182167C01DF5470F004B5214 /* PBXTargetDependency */ = {
			isa = PBXTargetDependency;
			target = 182167A41DF5470F004B5214 /* MyLanguageDemo */;
			targetProxy = 182167BF1DF5470F004B5214 /* PBXContainerItemProxy */;
		};
		182167CB1DF54710004B5214 /* PBXTargetDependency */ = {
			isa = PBXTargetDependency;
			target = 182167A41DF5470F004B5214 /* MyLanguageDemo */;
			targetProxy = 182167CA1DF54710004B5214 /* PBXContainerItemProxy */;
		};
/* End PBXTargetDependency section */

/* Begin PBXVariantGroup section */
		182167B11DF5470F004B5214 /* Main.storyboard */ = {
			isa = PBXVariantGroup;
			children = (
				182167B21DF5470F004B5214 /* Base */,
				182167E41DF5498A004B5214 /* fr */,
				182167E61DF54998004B5214 /* zh-Hans */,
				182167E81DF5499E004B5214 /* ar */,
			);
			name = Main.storyboard;
			sourceTree = "<group>";
		};
		182167B61DF5470F004B5214 /* LaunchScreen.storyboard */ = {
			isa = PBXVariantGroup;
			children = (
				182167B71DF5470F004B5214 /* Base */,
				182167E51DF5498B004B5214 /* fr */,
				182167E71DF54998004B5214 /* zh-Hans */,
				182167E91DF5499E004B5214 /* ar */,
			);
			name = LaunchScreen.storyboard;
			sourceTree = "<group>";
		};
		182167EC1DF549A5004B5214 /* Localizable.strings */ = {
			isa = PBXVariantGroup;
			children = (
				182167EB1DF549A5004B5214 /* en */,
				182167ED1DF549A7004B5214 /* fr */,
				182167EE1DF549A7004B5214 /* zh-Hans */,
				182167EF1DF549A8004B5214 /* ar */,
			);
			name = Localizable.strings;
			sourceTree = "<group>";
		};
/* End PBXVariantGroup section */

/* Begin XCBuildConfiguration section */
		182167D01DF54710004B5214 /* Debug */ = {
			isa = XCBuildConfiguration;
			buildSettings = {
				ALWAYS_SEARCH_USER_PATHS = NO;
				CLANG_ANALYZER_LOCALIZABILITY_NONLOCALIZED = YES;
				CLANG_ANALYZER_NONNULL = YES;
				CLANG_CXX_LANGUAGE_STANDARD = "gnu++0x";
				CLANG_CXX_LIBRARY = "libc++";
				CLANG_ENABLE_MODULES = YES;
				CLANG_ENABLE_OBJC_ARC = YES;
				CLANG_WARN_BOOL_CONVERSION = YES;
				CLANG_WARN_CONSTANT_CONVERSION = YES;
				CLANG_WARN_DIRECT_OBJC_ISA_USAGE = YES_ERROR;
				CLANG_WARN_DOCUMENTATION_COMMENTS = YES;
				CLANG_WARN_EMPTY_BODY = YES;
				CLANG_WARN_ENUM_CONVERSION = YES;
				CLANG_WARN_INFINITE_RECURSION = YES;
				CLANG_WARN_INT_CONVERSION = YES;
				CLANG_WARN_OBJC_ROOT_CLASS = YES_ERROR;
				CLANG_WARN_SUSPICIOUS_MOVES = YES;
				CLANG_WARN_UNREACHABLE_CODE = YES;
				CLANG_WARN__DUPLICATE_METHOD_MATCH = YES;
				"CODE_SIGN_IDENTITY[sdk=iphoneos*]" = "iPhone Developer";
				COPY_PHASE_STRIP = NO;
				DEBUG_INFORMATION_FORMAT = dwarf;
				ENABLE_STRICT_OBJC_MSGSEND = YES;
				ENABLE_TESTABILITY = YES;
				GCC_C_LANGUAGE_STANDARD = gnu99;
				GCC_DYNAMIC_NO_PIC = NO;
				GCC_NO_COMMON_BLOCKS = YES;
				GCC_OPTIMIZATION_LEVEL = 0;
				GCC_PREPROCESSOR_DEFINITIONS = (
					"DEBUG=1",
					"$(inherited)",
				);
				GCC_WARN_64_TO_32_BIT_CONVERSION = YES;
				GCC_WARN_ABOUT_RETURN_TYPE = YES_ERROR;
				GCC_WARN_UNDECLARED_SELECTOR = YES;
				GCC_WARN_UNINITIALIZED_AUTOS = YES_AGGRESSIVE;
				GCC_WARN_UNUSED_FUNCTION = YES;
				GCC_WARN_UNUSED_VARIABLE = YES;
				IPHONEOS_DEPLOYMENT_TARGET = 10.1;
				MTL_ENABLE_DEBUG_INFO = YES;
				ONLY_ACTIVE_ARCH = YES;
				SDKROOT = iphoneos;
			};
			name = Debug;
		};
		182167D11DF54710004B5214 /* Release */ = {
			isa = XCBuildConfiguration;
			buildSettings = {
				ALWAYS_SEARCH_USER_PATHS = NO;
				CLANG_ANALYZER_LOCALIZABILITY_NONLOCALIZED = YES;
				CLANG_ANALYZER_NONNULL = YES;
				CLANG_CXX_LANGUAGE_STANDARD = "gnu++0x";
				CLANG_CXX_LIBRARY = "libc++";
				CLANG_ENABLE_MODULES = YES;
				CLANG_ENABLE_OBJC_ARC = YES;
				CLANG_WARN_BOOL_CONVERSION = YES;
				CLANG_WARN_CONSTANT_CONVERSION = YES;
				CLANG_WARN_DIRECT_OBJC_ISA_USAGE = YES_ERROR;
				CLANG_WARN_DOCUMENTATION_COMMENTS = YES;
				CLANG_WARN_EMPTY_BODY = YES;
				CLANG_WARN_ENUM_CONVERSION = YES;
				CLANG_WARN_INFINITE_RECURSION = YES;
				CLANG_WARN_INT_CONVERSION = YES;
				CLANG_WARN_OBJC_ROOT_CLASS = YES_ERROR;
				CLANG_WARN_SUSPICIOUS_MOVES = YES;
				CLANG_WARN_UNREACHABLE_CODE = YES;
				CLANG_WARN__DUPLICATE_METHOD_MATCH = YES;
				"CODE_SIGN_IDENTITY[sdk=iphoneos*]" = "iPhone Developer";
				COPY_PHASE_STRIP = NO;
				DEBUG_INFORMATION_FORMAT = "dwarf-with-dsym";
				ENABLE_NS_ASSERTIONS = NO;
				ENABLE_STRICT_OBJC_MSGSEND = YES;
				GCC_C_LANGUAGE_STANDARD = gnu99;
				GCC_NO_COMMON_BLOCKS = YES;
				GCC_WARN_64_TO_32_BIT_CONVERSION = YES;
				GCC_WARN_ABOUT_RETURN_TYPE = YES_ERROR;
				GCC_WARN_UNDECLARED_SELECTOR = YES;
				GCC_WARN_UNINITIALIZED_AUTOS = YES_AGGRESSIVE;
				GCC_WARN_UNUSED_FUNCTION = YES;
				GCC_WARN_UNUSED_VARIABLE = YES;
				IPHONEOS_DEPLOYMENT_TARGET = 10.1;
				MTL_ENABLE_DEBUG_INFO = NO;
				SDKROOT = iphoneos;
				VALIDATE_PRODUCT = YES;
			};
			name = Release;
		};
		182167D31DF54710004B5214 /* Debug */ = {
			isa = XCBuildConfiguration;
			baseConfigurationReference = D26B14452B0F486698B7D2DF /* Pods-MyLanguageDemo.debug.xcconfig */;
			buildSettings = {
				ASSETCATALOG_COMPILER_APPICON_NAME = AppIcon;
				DEVELOPMENT_TEAM = 547XRMHWKM;
				INFOPLIST_FILE = MyLanguageDemo/Info.plist;
				IPHONEOS_DEPLOYMENT_TARGET = 10.0;
				LD_RUNPATH_SEARCH_PATHS = "$(inherited) @executable_path/Frameworks";
				PRODUCT_BUNDLE_IDENTIFIER = huajian.com.MyLanguageDemo;
				PRODUCT_NAME = "$(TARGET_NAME)";
			};
			name = Debug;
		};
		182167D41DF54710004B5214 /* Release */ = {
			isa = XCBuildConfiguration;
			baseConfigurationReference = 3EC784267742B1A738547652 /* Pods-MyLanguageDemo.release.xcconfig */;
			buildSettings = {
				ASSETCATALOG_COMPILER_APPICON_NAME = AppIcon;
				DEVELOPMENT_TEAM = 547XRMHWKM;
				INFOPLIST_FILE = MyLanguageDemo/Info.plist;
				IPHONEOS_DEPLOYMENT_TARGET = 10.0;
				LD_RUNPATH_SEARCH_PATHS = "$(inherited) @executable_path/Frameworks";
				PRODUCT_BUNDLE_IDENTIFIER = huajian.com.MyLanguageDemo;
				PRODUCT_NAME = "$(TARGET_NAME)";
			};
			name = Release;
		};
		182167D61DF54710004B5214 /* Debug */ = {
			isa = XCBuildConfiguration;
			baseConfigurationReference = 5D6F9CFE8ADEDA5F60183700 /* Pods-MyLanguageDemoTests.debug.xcconfig */;
			buildSettings = {
				BUNDLE_LOADER = "$(TEST_HOST)";
				DEVELOPMENT_TEAM = 547XRMHWKM;
				INFOPLIST_FILE = MyLanguageDemoTests/Info.plist;
				LD_RUNPATH_SEARCH_PATHS = "$(inherited) @executable_path/Frameworks @loader_path/Frameworks";
				PRODUCT_BUNDLE_IDENTIFIER = huajian.com.MyLanguageDemoTests;
				PRODUCT_NAME = "$(TARGET_NAME)";
				TEST_HOST = "$(BUILT_PRODUCTS_DIR)/MyLanguageDemo.app/MyLanguageDemo";
			};
			name = Debug;
		};
		182167D71DF54710004B5214 /* Release */ = {
			isa = XCBuildConfiguration;
			baseConfigurationReference = 7A133CA5AFA3A3539D96E7BE /* Pods-MyLanguageDemoTests.release.xcconfig */;
			buildSettings = {
				BUNDLE_LOADER = "$(TEST_HOST)";
				DEVELOPMENT_TEAM = 547XRMHWKM;
				INFOPLIST_FILE = MyLanguageDemoTests/Info.plist;
				LD_RUNPATH_SEARCH_PATHS = "$(inherited) @executable_path/Frameworks @loader_path/Frameworks";
				PRODUCT_BUNDLE_IDENTIFIER = huajian.com.MyLanguageDemoTests;
				PRODUCT_NAME = "$(TARGET_NAME)";
				TEST_HOST = "$(BUILT_PRODUCTS_DIR)/MyLanguageDemo.app/MyLanguageDemo";
			};
			name = Release;
		};
		182167D91DF54710004B5214 /* Debug */ = {
			isa = XCBuildConfiguration;
			baseConfigurationReference = 8261334730BBA7DE2383E0C4 /* Pods-MyLanguageDemoUITests.debug.xcconfig */;
			buildSettings = {
				DEVELOPMENT_TEAM = 547XRMHWKM;
				INFOPLIST_FILE = MyLanguageDemoUITests/Info.plist;
				LD_RUNPATH_SEARCH_PATHS = "$(inherited) @executable_path/Frameworks @loader_path/Frameworks";
				PRODUCT_BUNDLE_IDENTIFIER = huajian.com.MyLanguageDemoUITests;
				PRODUCT_NAME = "$(TARGET_NAME)";
				TEST_TARGET_NAME = MyLanguageDemo;
			};
			name = Debug;
		};
		182167DA1DF54710004B5214 /* Release */ = {
			isa = XCBuildConfiguration;
			baseConfigurationReference = 9102CC451208571DED886415 /* Pods-MyLanguageDemoUITests.release.xcconfig */;
			buildSettings = {
				DEVELOPMENT_TEAM = 547XRMHWKM;
				INFOPLIST_FILE = MyLanguageDemoUITests/Info.plist;
				LD_RUNPATH_SEARCH_PATHS = "$(inherited) @executable_path/Frameworks @loader_path/Frameworks";
				PRODUCT_BUNDLE_IDENTIFIER = huajian.com.MyLanguageDemoUITests;
				PRODUCT_NAME = "$(TARGET_NAME)";
				TEST_TARGET_NAME = MyLanguageDemo;
			};
			name = Release;
		};
/* End XCBuildConfiguration section */

/* Begin XCConfigurationList section */
		182167A01DF5470F004B5214 /* Build configuration list for PBXProject "MyLanguageDemo" */ = {
			isa = XCConfigurationList;
			buildConfigurations = (
				182167D01DF54710004B5214 /* Debug */,
				182167D11DF54710004B5214 /* Release */,
			);
			defaultConfigurationIsVisible = 0;
			defaultConfigurationName = Release;
		};
		182167D21DF54710004B5214 /* Build configuration list for PBXNativeTarget "MyLanguageDemo" */ = {
			isa = XCConfigurationList;
			buildConfigurations = (
				182167D31DF54710004B5214 /* Debug */,
				182167D41DF54710004B5214 /* Release */,
			);
			defaultConfigurationIsVisible = 0;
			defaultConfigurationName = Release;
		};
		182167D51DF54710004B5214 /* Build configuration list for PBXNativeTarget "MyLanguageDemoTests" */ = {
			isa = XCConfigurationList;
			buildConfigurations = (
				182167D61DF54710004B5214 /* Debug */,
				182167D71DF54710004B5214 /* Release */,
			);
			defaultConfigurationIsVisible = 0;
			defaultConfigurationName = Release;
		};
		182167D81DF54710004B5214 /* Build configuration list for PBXNativeTarget "MyLanguageDemoUITests" */ = {
			isa = XCConfigurationList;
			buildConfigurations = (
				182167D91DF54710004B5214 /* Debug */,
				182167DA1DF54710004B5214 /* Release */,
			);
			defaultConfigurationIsVisible = 0;
			defaultConfigurationName = Release;
		};
/* End XCConfigurationList section */
	};
	rootObject = 1821679D1DF5470F004B5214 /* Project object */;
}
